
Microsoft Visual Studio Solution File, Format Version 12.00
# Visual Studio Version 16
VisualStudioVersion = 16.0.31605.320
MinimumVisualStudioVersion = 10.0.40219.1
Project("{9A19103F-16F7-4668-BE54-9A1E7A4F7556}") = "AtmReportGenerator", "AtmReportGenerator\AtmReportGenerator.csproj", "{4A8AA4B0-44A4-4503-87BB-7B25484C1541}"
EndProject
Project("{FAE04EC0-301F-11D3-BF4B-00C04F79EFBC}") = "AtmReportGenerator.Tests", "AtmReportGenerator.Tests\AtmReportGenerator.Tests.csproj", "{9F46C81C-B540-4677-965A-AF44AFD9A573}"
EndProject
Global
	GlobalSection(SolutionConfigurationPlatforms) = preSolution
		Debug|Any CPU = Debug|Any CPU
		Release|Any CPU = Release|Any CPU
	EndGlobalSection
	GlobalSection(ProjectConfigurationPlatforms) = postSolution
		{4A8AA4B0-44A4-4503-87BB-7B25484C1541}.Debug|Any CPU.ActiveCfg = Debug|Any CPU
		{4A8AA4B0-44A4-4503-87BB-7B25484C1541}.Debug|Any CPU.Build.0 = Debug|Any CPU
		{4A8AA4B0-44A4-4503-87BB-7B25484C1541}.Release|Any CPU.ActiveCfg = Release|Any CPU
		{4A8AA4B0-44A4-4503-87BB-7B25484C1541}.Release|Any CPU.Build.0 = Release|Any CPU
		{9F46C81C-B540-4677-965A-AF44AFD9A573}.Debug|Any CPU.ActiveCfg = Debug|Any CPU
		{9F46C81C-B540-4677-965A-AF44AFD9A573}.Debug|Any CPU.Build.0 = Debug|Any CPU
		{9F46C81C-B540-4677-965A-AF44AFD9A573}.Release|Any CPU.ActiveCfg = Release|Any CPU
		{9F46C81C-B540-4677-965A-AF44AFD9A573}.Release|Any CPU.Build.0 = Release|Any CPU
	EndGlobalSection
	GlobalSection(SolutionProperties) = preSolution
		HideSolutionNode = FALSE
	EndGlobalSection
	GlobalSection(ExtensibilityGlobals) = postSolution
		SolutionGuid = {FC85D431-BBA5-4C17-AFD3-8D70D2F4148A}
	EndGlobalSection
EndGlobal
